
Microsoft Visual Studio Solution File, Format Version 12.00
# Visual Studio Version 17
VisualStudioVersion = 17.7.34024.191
MinimumVisualStudioVersion = 10.0.40219.1
Project("{FAE04EC0-301F-11D3-BF4B-00C04F79EFBC}") = "Blog", "Blog.csproj", "{217807B6-AA75-4153-8238-86F8937337F3}"
EndProject
Global
	GlobalSection(SolutionConfigurationPlatforms) = preSolution
		Debug|Any CPU = Debug|Any CPU
		Release|Any CPU = Release|Any CPU
	EndGlobalSection
	GlobalSection(ProjectConfigurationPlatforms) = postSolution
		{217807B6-AA75-4153-8238-86F8937337F3}.Debug|Any CPU.ActiveCfg = Debug|Any CPU
		{217807B6-AA75-4153-8238-86F8937337F3}.Debug|Any CPU.Build.0 = Debug|Any CPU
		{217807B6-AA75-4153-8238-86F8937337F3}.Release|Any CPU.ActiveCfg = Release|Any CPU
		{217807B6-AA75-4153-8238-86F8937337F3}.Release|Any CPU.Build.0 = Release|Any CPU
	EndGlobalSection
	GlobalSection(SolutionProperties) = preSolution
		HideSolutionNode = FALSE
	EndGlobalSection
	GlobalSection(ExtensibilityGlobals) = postSolution
		SolutionGuid = {86C18DF4-9791-4565-9F1F-BFF458CE870D}
	EndGlobalSection
EndGlobal
