
Microsoft Visual Studio Solution File, Format Version 12.00
# Visual Studio Version 17
VisualStudioVersion = 17.7.34024.191
MinimumVisualStudioVersion = 10.0.40219.1
Project("{FAE04EC0-301F-11D3-BF4B-00C04F79EFBC}") = "CURD_First-Ex", "CURD_First-Ex\CURD_First-Ex.csproj", "{591944E4-467C-469A-BEA1-CEFFF4D13724}"
EndProject
Global
	GlobalSection(SolutionConfigurationPlatforms) = preSolution
		Debug|Any CPU = Debug|Any CPU
		Release|Any CPU = Release|Any CPU
	EndGlobalSection
	GlobalSection(ProjectConfigurationPlatforms) = postSolution
		{591944E4-467C-469A-BEA1-CEFFF4D13724}.Debug|Any CPU.ActiveCfg = Debug|Any CPU
		{591944E4-467C-469A-BEA1-CEFFF4D13724}.Debug|Any CPU.Build.0 = Debug|Any CPU
		{591944E4-467C-469A-BEA1-CEFFF4D13724}.Release|Any CPU.ActiveCfg = Release|Any CPU
		{591944E4-467C-469A-BEA1-CEFFF4D13724}.Release|Any CPU.Build.0 = Release|Any CPU
	EndGlobalSection
	GlobalSection(SolutionProperties) = preSolution
		HideSolutionNode = FALSE
	EndGlobalSection
	GlobalSection(ExtensibilityGlobals) = postSolution
		SolutionGuid = {D3B812FD-1E70-4812-9560-B82E8AF2D31A}
	EndGlobalSection
EndGlobal
