
Microsoft Visual Studio Solution File, Format Version 12.00
# Visual Studio Version 17
VisualStudioVersion = 17.7.34024.191
MinimumVisualStudioVersion = 10.0.40219.1
Project("{FAE04EC0-301F-11D3-BF4B-00C04F79EFBC}") = "WebApplication2_Entity2", "WebApplication2_Entity2.csproj", "{D4F61D10-0B7B-4EC0-BF52-9431AAD34D5A}"
EndProject
Project("{FAE04EC0-301F-11D3-BF4B-00C04F79EFBC}") = "db", "..\ClassLibrary2\db.csproj", "{CD76DAC4-25A4-4C0A-860A-534BB696456C}"
EndProject
Project("{FAE04EC0-301F-11D3-BF4B-00C04F79EFBC}") = "model", "..\ClassLibrary3\model.csproj", "{EB378126-AFCC-40B2-A512-AE55360AE1AA}"
EndProject
Global
	GlobalSection(SolutionConfigurationPlatforms) = preSolution
		Debug|Any CPU = Debug|Any CPU
		Release|Any CPU = Release|Any CPU
	EndGlobalSection
	GlobalSection(ProjectConfigurationPlatforms) = postSolution
		{D4F61D10-0B7B-4EC0-BF52-9431AAD34D5A}.Debug|Any CPU.ActiveCfg = Debug|Any CPU
		{D4F61D10-0B7B-4EC0-BF52-9431AAD34D5A}.Debug|Any CPU.Build.0 = Debug|Any CPU
		{D4F61D10-0B7B-4EC0-BF52-9431AAD34D5A}.Release|Any CPU.ActiveCfg = Release|Any CPU
		{D4F61D10-0B7B-4EC0-BF52-9431AAD34D5A}.Release|Any CPU.Build.0 = Release|Any CPU
		{CD76DAC4-25A4-4C0A-860A-534BB696456C}.Debug|Any CPU.ActiveCfg = Debug|Any CPU
		{CD76DAC4-25A4-4C0A-860A-534BB696456C}.Debug|Any CPU.Build.0 = Debug|Any CPU
		{CD76DAC4-25A4-4C0A-860A-534BB696456C}.Release|Any CPU.ActiveCfg = Release|Any CPU
		{CD76DAC4-25A4-4C0A-860A-534BB696456C}.Release|Any CPU.Build.0 = Release|Any CPU
		{EB378126-AFCC-40B2-A512-AE55360AE1AA}.Debug|Any CPU.ActiveCfg = Debug|Any CPU
		{EB378126-AFCC-40B2-A512-AE55360AE1AA}.Debug|Any CPU.Build.0 = Debug|Any CPU
		{EB378126-AFCC-40B2-A512-AE55360AE1AA}.Release|Any CPU.ActiveCfg = Release|Any CPU
		{EB378126-AFCC-40B2-A512-AE55360AE1AA}.Release|Any CPU.Build.0 = Release|Any CPU
	EndGlobalSection
	GlobalSection(SolutionProperties) = preSolution
		HideSolutionNode = FALSE
	EndGlobalSection
	GlobalSection(ExtensibilityGlobals) = postSolution
		SolutionGuid = {0DA59D0D-B2FA-4E54-AD24-10EF70C5D6B5}
	EndGlobalSection
EndGlobal
